
Microsoft Visual Studio Solution File, Format Version 12.00
# Visual Studio 2012
Project("{8BC9CEB8-8B4A-11D0-8D11-00A0C91BC942}") = "Brick Game Battle of Tank", "Brick Game Battle of Tank\Brick Game Battle of Tank.vcxproj", "{516C714A-D7D6-46E3-B3E6-6393C10C394F}"
EndProject
Global
	GlobalSection(SolutionConfigurationPlatforms) = preSolution
		Debug|Win32 = Debug|Win32
		Release|Win32 = Release|Win32
	EndGlobalSection
	GlobalSection(ProjectConfigurationPlatforms) = postSolution
		{516C714A-D7D6-46E3-B3E6-6393C10C394F}.Debug|Win32.ActiveCfg = Debug|Win32
		{516C714A-D7D6-46E3-B3E6-6393C10C394F}.Debug|Win32.Build.0 = Debug|Win32
		{516C714A-D7D6-46E3-B3E6-6393C10C394F}.Release|Win32.ActiveCfg = Release|Win32
		{516C714A-D7D6-46E3-B3E6-6393C10C394F}.Release|Win32.Build.0 = Release|Win32
	EndGlobalSection
	GlobalSection(SolutionProperties) = preSolution
		HideSolutionNode = FALSE
	EndGlobalSection
EndGlobal
